
Microsoft Visual Studio Solution File, Format Version 12.00
# Visual Studio Version 16
VisualStudioVersion = 16.0.30804.86
MinimumVisualStudioVersion = 10.0.40219.1
Project("{9A19103F-16F7-4668-BE54-9A1E7A4F7556}") = "WeatherSystemLogic", "WeatherSystem\WeatherSystemLogic.csproj", "{1F02E578-5B4B-4A03-8C99-5EAE429EB430}"
EndProject
Project("{9A19103F-16F7-4668-BE54-9A1E7A4F7556}") = "WeatherSystemUI", "WeatherSystemUI\WeatherSystemUI.csproj", "{264CE70B-DD37-4744-80B0-D7F2260E212B}"
EndProject
Global
	GlobalSection(SolutionConfigurationPlatforms) = preSolution
		Debug|Any CPU = Debug|Any CPU
		Release|Any CPU = Release|Any CPU
	EndGlobalSection
	GlobalSection(ProjectConfigurationPlatforms) = postSolution
		{1F02E578-5B4B-4A03-8C99-5EAE429EB430}.Debug|Any CPU.ActiveCfg = Debug|Any CPU
		{1F02E578-5B4B-4A03-8C99-5EAE429EB430}.Debug|Any CPU.Build.0 = Debug|Any CPU
		{1F02E578-5B4B-4A03-8C99-5EAE429EB430}.Release|Any CPU.ActiveCfg = Release|Any CPU
		{1F02E578-5B4B-4A03-8C99-5EAE429EB430}.Release|Any CPU.Build.0 = Release|Any CPU
		{264CE70B-DD37-4744-80B0-D7F2260E212B}.Debug|Any CPU.ActiveCfg = Debug|Any CPU
		{264CE70B-DD37-4744-80B0-D7F2260E212B}.Debug|Any CPU.Build.0 = Debug|Any CPU
		{264CE70B-DD37-4744-80B0-D7F2260E212B}.Release|Any CPU.ActiveCfg = Release|Any CPU
		{264CE70B-DD37-4744-80B0-D7F2260E212B}.Release|Any CPU.Build.0 = Release|Any CPU
	EndGlobalSection
	GlobalSection(SolutionProperties) = preSolution
		HideSolutionNode = FALSE
	EndGlobalSection
	GlobalSection(ExtensibilityGlobals) = postSolution
		SolutionGuid = {491C4E70-BEA3-4F66-9825-F5FD909BBC1F}
	EndGlobalSection
EndGlobal
